
Microsoft Visual Studio Solution File, Format Version 12.00
# Visual Studio Version 16
VisualStudioVersion = 16.0.33328.57
MinimumVisualStudioVersion = 10.0.40219.1
Project("{FAE04EC0-301F-11D3-BF4B-00C04F79EFBC}") = "SkillFactory_8_6_3", "SkillFactory_8_6_3.csproj", "{04D00D98-FA48-4CBE-B848-4571DA974043}"
EndProject
Global
	GlobalSection(SolutionConfigurationPlatforms) = preSolution
		Debug|Any CPU = Debug|Any CPU
		Release|Any CPU = Release|Any CPU
	EndGlobalSection
	GlobalSection(ProjectConfigurationPlatforms) = postSolution
		{04D00D98-FA48-4CBE-B848-4571DA974043}.Debug|Any CPU.ActiveCfg = Debug|Any CPU
		{04D00D98-FA48-4CBE-B848-4571DA974043}.Debug|Any CPU.Build.0 = Debug|Any CPU
		{04D00D98-FA48-4CBE-B848-4571DA974043}.Release|Any CPU.ActiveCfg = Release|Any CPU
		{04D00D98-FA48-4CBE-B848-4571DA974043}.Release|Any CPU.Build.0 = Release|Any CPU
	EndGlobalSection
	GlobalSection(SolutionProperties) = preSolution
		HideSolutionNode = FALSE
	EndGlobalSection
	GlobalSection(ExtensibilityGlobals) = postSolution
		SolutionGuid = {0F3A5216-B552-4C53-AC8C-98B1E101F5AF}
	EndGlobalSection
EndGlobal
